// !$*UTF8*$!
{
	archiveVersion = 1;
	classes = {
	};
	objectVersion = 50;
	objects = {

/* Begin PBXBuildFile section */
		FAB4A37F21E40E5A0047F568 /* AppDelegate.m in Sources */ = {isa = PBXBuildFile; fileRef = FAB4A37E21E40E5A0047F568 /* AppDelegate.m */; };
		FAB4A38221E40E5A0047F568 /* ViewController.m in Sources */ = {isa = PBXBuildFile; fileRef = FAB4A38121E40E5A0047F568 /* ViewController.m */; };
		FAB4A38521E40E5A0047F568 /* Main.storyboard in Resources */ = {isa = PBXBuildFile; fileRef = FAB4A38321E40E5A0047F568 /* Main.storyboard */; };
		FAB4A38721E40E5D0047F568 /* Assets.xcassets in Resources */ = {isa = PBXBuildFile; fileRef = FAB4A38621E40E5D0047F568 /* Assets.xcassets */; };
		FAB4A38A21E40E5D0047F568 /* LaunchScreen.storyboard in Resources */ = {isa = PBXBuildFile; fileRef = FAB4A38821E40E5D0047F568 /* LaunchScreen.storyboard */; };
		FAB4A38D21E40E5D0047F568 /* main.m in Sources */ = {isa = PBXBuildFile; fileRef = FAB4A38C21E40E5D0047F568 /* main.m */; };
/* End PBXBuildFile section */

/* Begin PBXFileReference section */
		FAB4A37A21E40E5A0047F568 /* GithubDemoProject.app */ = {isa = PBXFileReference; explicitFileType = wrapper.application; includeInIndex = 0; path = GithubDemoProject.app; sourceTree = BUILT_PRODUCTS_DIR; };
		FAB4A37D21E40E5A0047F568 /* AppDelegate.h */ = {isa = PBXFileReference; lastKnownFileType = sourcecode.c.h; path = AppDelegate.h; sourceTree = "<group>"; };
		FAB4A37E21E40E5A0047F568 /* AppDelegate.m */ = {isa = PBXFileReference; lastKnownFileType = sourcecode.c.objc; path = AppDelegate.m; sourceTree = "<group>"; };
		FAB4A38021E40E5A0047F568 /* ViewController.h */ = {isa = PBXFileReference; lastKnownFileType = sourcecode.c.h; path = ViewController.h; sourceTree = "<group>"; };
		FAB4A38121E40E5A0047F568 /* ViewController.m */ = {isa = PBXFileReference; lastKnownFileType = sourcecode.c.objc; path = ViewController.m; sourceTree = "<group>"; };
		FAB4A38421E40E5A0047F568 /* Base */ = {isa = PBXFileReference; lastKnownFileType = file.storyboard; name = Base; path = Base.lproj/Main.storyboard; sourceTree = "<group>"; };
		FAB4A38621E40E5D0047F568 /* Assets.xcassets */ = {isa = PBXFileReference; lastKnownFileType = folder.assetcatalog; path = Assets.xcassets; sourceTree = "<group>"; };
		FAB4A38921E40E5D0047F568 /* Base */ = {isa = PBXFileReference; lastKnownFileType = file.storyboard; name = Base; path = Base.lproj/LaunchScreen.storyboard; sourceTree = "<group>"; };
		FAB4A38B21E40E5D0047F568 /* Info.plist */ = {isa = PBXFileReference; lastKnownFileType = text.plist.xml; path = Info.plist; sourceTree = "<group>"; };
		FAB4A38C21E40E5D0047F568 /* main.m */ = {isa = PBXFileReference; lastKnownFileType = sourcecode.c.objc; path = main.m; sourceTree = "<group>"; };
/* End PBXFileReference section */

/* Begin PBXFrameworksBuildPhase section */
		FAB4A37721E40E5A0047F568 /* Frameworks */ = {
			isa = PBXFrameworksBuildPhase;
			buildActionMask = 2147483647;
			files = (
			);
			runOnlyForDeploymentPostprocessing = 0;
		};
/* End PBXFrameworksBuildPhase section */

/* Begin PBXGroup section */
		FAB4A37121E40E5A0047F568 = {
			isa = PBXGroup;
			children = (
				FAB4A37C21E40E5A0047F568 /* GithubDemoProject */,
				FAB4A37B21E40E5A0047F568 /* Products */,
			);
			sourceTree = "<group>";
		};
		FAB4A37B21E40E5A0047F568 /* Products */ = {
			isa = PBXGroup;
			children = (
				FAB4A37A21E40E5A0047F568 /* GithubDemoProject.app */,
			);
			name = Products;
			sourceTree = "<group>";
		};
		FAB4A37C21E40E5A0047F568 /* GithubDemoProject */ = {
			isa = PBXGroup;
			children = (
				FAB4A37D21E40E5A0047F568 /* AppDelegate.h */,
				FAB4A37E21E40E5A0047F568 /* AppDelegate.m */,
				FAB4A38021E40E5A0047F568 /* ViewController.h */,
				FAB4A38121E40E5A0047F568 /* ViewController.m */,
				FAB4A38321E40E5A0047F568 /* Main.storyboard */,
				FAB4A38621E40E5D0047F568 /* Assets.xcassets */,
				FAB4A38821E40E5D0047F568 /* LaunchScreen.storyboard */,
				FAB4A38B21E40E5D0047F568 /* Info.plist */,
				FAB4A38C21E40E5D0047F568 /* main.m */,
			);
			path = GithubDemoProject;
			sourceTree = "<group>";
		};
/* End PBXGroup section */

/* Begin PBXNativeTarget section */
		FAB4A37921E40E5A0047F568 /* GithubDemoProject */ = {
			isa = PBXNativeTarget;
			buildConfigurationList = FAB4A39021E40E5D0047F568 /* Build configuration list for PBXNativeTarget "GithubDemoProject" */;
			buildPhases = (
				FAB4A37621E40E5A0047F568 /* Sources */,
				FAB4A37721E40E5A0047F568 /* Frameworks */,
				FAB4A37821E40E5A0047F568 /* Resources */,
			);
			buildRules = (
			);
			dependencies = (
			);
			name = GithubDemoProject;
			productName = GithubDemoProject;
			productReference = FAB4A37A21E40E5A0047F568 /* GithubDemoProject.app */;
			productType = "com.apple.product-type.application";
		};
/* End PBXNativeTarget section */

/* Begin PBXProject section */
		FAB4A37221E40E5A0047F568 /* Project object */ = {
			isa = PBXProject;
			attributes = {
				LastUpgradeCheck = 1010;
				ORGANIZATIONNAME = "Alexandr Fadeev";
				TargetAttributes = {
					FAB4A37921E40E5A0047F568 = {
						CreatedOnToolsVersion = 10.1;
					};
				};
			};
			buildConfigurationList = FAB4A37521E40E5A0047F568 /* Build configuration list for PBXProject "GithubDemoProject" */;
			compatibilityVersion = "Xcode 9.3";
			developmentRegion = en;
			hasScannedForEncodings = 0;
			knownRegions = (
				en,
				Base,
			);
			mainGroup = FAB4A37121E40E5A0047F568;
			productRefGroup = FAB4A37B21E40E5A0047F568 /* Products */;
			projectDirPath = "";
			projectRoot = "";
			targets = (
				FAB4A37921E40E5A0047F568 /* GithubDemoProject */,
			);
		};
/* End PBXProject section */

/* Begin PBXResourcesBuildPhase section */
		FAB4A37821E40E5A0047F568 /* Resources */ = {
			isa = PBXResourcesBuildPhase;
			buildActionMask = 2147483647;
			files = (
				FAB4A38A21E40E5D0047F568 /* LaunchScreen.storyboard in Resources */,
				FAB4A38721E40E5D0047F568 /* Assets.xcassets in Resources */,
				FAB4A38521E40E5A0047F568 /* Main.storyboard in Resources */,
			);
			runOnlyForDeploymentPostprocessing = 0;
		};
/* End PBXResourcesBuildPhase section */

/* Begin PBXSourcesBuildPhase section */
		FAB4A37621E40E5A0047F568 /* Sources */ = {
			isa = PBXSourcesBuildPhase;
			buildActionMask = 2147483647;
			files = (
				FAB4A38221E40E5A0047F568 /* ViewController.m in Sources */,
				FAB4A38D21E40E5D0047F568 /* main.m in Sources */,
				FAB4A37F21E40E5A0047F568 /* AppDelegate.m in Sources */,
			);
			runOnlyForDeploymentPostprocessing = 0;
		};
/* End PBXSourcesBuildPhase section */

/* Begin PBXVariantGroup section */
		FAB4A38321E40E5A0047F568 /* Main.storyboard */ = {
			isa = PBXVariantGroup;
			children = (
				FAB4A38421E40E5A0047F568 /* Base */,
			);
			name = Main.storyboard;
			sourceTree = "<group>";
		};
		FAB4A38821E40E5D0047F568 /* LaunchScreen.storyboard */ = {
			isa = PBXVariantGroup;
			children = (
				FAB4A38921E40E5D0047F568 /* Base */,
			);
			name = LaunchScreen.storyboard;
			sourceTree = "<group>";
		};
/* End PBXVariantGroup section */

/* Begin XCBuildConfiguration section */
		FAB4A38E21E40E5D0047F568 /* Debug */ = {
			isa = XCBuildConfiguration;
			buildSettings = {
				ALWAYS_SEARCH_USER_PATHS = NO;
				CLANG_ANALYZER_NONNULL = YES;
				CLANG_ANALYZER_NUMBER_OBJECT_CONVERSION = YES_AGGRESSIVE;
				CLANG_CXX_LANGUAGE_STANDARD = "gnu++14";
				CLANG_CXX_LIBRARY = "libc++";
				CLANG_ENABLE_MODULES = YES;
				CLANG_ENABLE_OBJC_ARC = YES;
				CLANG_ENABLE_OBJC_WEAK = YES;
				CLANG_WARN_BLOCK_CAPTURE_AUTORELEASING = YES;
				CLANG_WARN_BOOL_CONVERSION = YES;
				CLANG_WARN_COMMA = YES;
				CLANG_WARN_CONSTANT_CONVERSION = YES;
				CLANG_WARN_DEPRECATED_OBJC_IMPLEMENTATIONS = YES;
				CLANG_WARN_DIRECT_OBJC_ISA_USAGE = YES_ERROR;
				CLANG_WARN_DOCUMENTATION_COMMENTS = YES;
				CLANG_WARN_EMPTY_BODY = YES;
				CLANG_WARN_ENUM_CONVERSION = YES;
				CLANG_WARN_INFINITE_RECURSION = YES;
				CLANG_WARN_INT_CONVERSION = YES;
				CLANG_WARN_NON_LITERAL_NULL_CONVERSION = YES;
				CLANG_WARN_OBJC_IMPLICIT_RETAIN_SELF = YES;
				CLANG_WARN_OBJC_LITERAL_CONVERSION = YES;
				CLANG_WARN_OBJC_ROOT_CLASS = YES_ERROR;
				CLANG_WARN_RANGE_LOOP_ANALYSIS = YES;
				CLANG_WARN_STRICT_PROTOTYPES = YES;
				CLANG_WARN_SUSPICIOUS_MOVE = YES;
				CLANG_WARN_UNGUARDED_AVAILABILITY = YES_AGGRESSIVE;
				CLANG_WARN_UNREACHABLE_CODE = YES;
				CLANG_WARN__DUPLICATE_METHOD_MATCH = YES;
				CODE_SIGN_IDENTITY = "iPhone Developer";
				COPY_PHASE_STRIP = NO;
				DEBUG_INFORMATION_FORMAT = dwarf;
				ENABLE_STRICT_OBJC_MSGSEND = YES;
				ENABLE_TESTABILITY = YES;
				GCC_C_LANGUAGE_STANDARD = gnu11;
				GCC_DYNAMIC_NO_PIC = NO;
				GCC_NO_COMMON_BLOCKS = YES;
				GCC_OPTIMIZATION_LEVEL = 0;
				GCC_PREPROCESSOR_DEFINITIONS = (
					"DEBUG=1",
					"$(inherited)",
				);
				GCC_WARN_64_TO_32_BIT_CONVERSION = YES;
				GCC_WARN_ABOUT_RETURN_TYPE = YES_ERROR;
				GCC_WARN_UNDECLARED_SELECTOR = YES;
				GCC_WARN_UNINITIALIZED_AUTOS = YES_AGGRESSIVE;
				GCC_WARN_UNUSED_FUNCTION = YES;
				GCC_WARN_UNUSED_VARIABLE = YES;
				IPHONEOS_DEPLOYMENT_TARGET = 12.1;
				MTL_ENABLE_DEBUG_INFO = INCLUDE_SOURCE;
				MTL_FAST_MATH = YES;
				ONLY_ACTIVE_ARCH = YES;
				SDKROOT = iphoneos;
			};
			name = Debug;
		};
		FAB4A38F21E40E5D0047F568 /* Release */ = {
			isa = XCBuildConfiguration;
			buildSettings = {
				ALWAYS_SEARCH_USER_PATHS = NO;
				CLANG_ANALYZER_NONNULL = YES;
				CLANG_ANALYZER_NUMBER_OBJECT_CONVERSION = YES_AGGRESSIVE;
				CLANG_CXX_LANGUAGE_STANDARD = "gnu++14";
				CLANG_CXX_LIBRARY = "libc++";
				CLANG_ENABLE_MODULES = YES;
				CLANG_ENABLE_OBJC_ARC = YES;
				CLANG_ENABLE_OBJC_WEAK = YES;
				CLANG_WARN_BLOCK_CAPTURE_AUTORELEASING = YES;
				CLANG_WARN_BOOL_CONVERSION = YES;
				CLANG_WARN_COMMA = YES;
				CLANG_WARN_CONSTANT_CONVERSION = YES;
				CLANG_WARN_DEPRECATED_OBJC_IMPLEMENTATIONS = YES;
				CLANG_WARN_DIRECT_OBJC_ISA_USAGE = YES_ERROR;
				CLANG_WARN_DOCUMENTATION_COMMENTS = YES;
				CLANG_WARN_EMPTY_BODY = YES;
				CLANG_WARN_ENUM_CONVERSION = YES;
				CLANG_WARN_INFINITE_RECURSION = YES;
				CLANG_WARN_INT_CONVERSION = YES;
				CLANG_WARN_NON_LITERAL_NULL_CONVERSION = YES;
				CLANG_WARN_OBJC_IMPLICIT_RETAIN_SELF = YES;
				CLANG_WARN_OBJC_LITERAL_CONVERSION = YES;
				CLANG_WARN_OBJC_ROOT_CLASS = YES_ERROR;
				CLANG_WARN_RANGE_LOOP_ANALYSIS = YES;
				CLANG_WARN_STRICT_PROTOTYPES = YES;
				CLANG_WARN_SUSPICIOUS_MOVE = YES;
				CLANG_WARN_UNGUARDED_AVAILABILITY = YES_AGGRESSIVE;
				CLANG_WARN_UNREACHABLE_CODE = YES;
				CLANG_WARN__DUPLICATE_METHOD_MATCH = YES;
				CODE_SIGN_IDENTITY = "iPhone Developer";
				COPY_PHASE_STRIP = NO;
				DEBUG_INFORMATION_FORMAT = "dwarf-with-dsym";
				ENABLE_NS_ASSERTIONS = NO;
				ENABLE_STRICT_OBJC_MSGSEND = YES;
				GCC_C_LANGUAGE_STANDARD = gnu11;
				GCC_NO_COMMON_BLOCKS = YES;
				GCC_WARN_64_TO_32_BIT_CONVERSION = YES;
				GCC_WARN_ABOUT_RETURN_TYPE = YES_ERROR;
				GCC_WARN_UNDECLARED_SELECTOR = YES;
				GCC_WARN_UNINITIALIZED_AUTOS = YES_AGGRESSIVE;
				GCC_WARN_UNUSED_FUNCTION = YES;
				GCC_WARN_UNUSED_VARIABLE = YES;
				IPHONEOS_DEPLOYMENT_TARGET = 12.1;
				MTL_ENABLE_DEBUG_INFO = NO;
				MTL_FAST_MATH = YES;
				SDKROOT = iphoneos;
				VALIDATE_PRODUCT = YES;
			};
			name = Release;
		};
		FAB4A39121E40E5D0047F568 /* Debug */ = {
			isa = XCBuildConfiguration;
			buildSettings = {
				ASSETCATALOG_COMPILER_APPICON_NAME = AppIcon;
				CODE_SIGN_STYLE = Automatic;
				DEVELOPMENT_TEAM = 98VX8WBFD6;
				INFOPLIST_FILE = GithubDemoProject/Info.plist;
				LD_RUNPATH_SEARCH_PATHS = (
					"$(inherited)",
					"@executable_path/Frameworks",
				);
				PRODUCT_BUNDLE_IDENTIFIER = com.fadeev.GithubDemoProject;
				PRODUCT_NAME = "$(TARGET_NAME)";
				TARGETED_DEVICE_FAMILY = "1,2";
			};
			name = Debug;
		};
		FAB4A39221E40E5D0047F568 /* Release */ = {
			isa = XCBuildConfiguration;
			buildSettings = {
				ASSETCATALOG_COMPILER_APPICON_NAME = AppIcon;
				CODE_SIGN_STYLE = Automatic;
				DEVELOPMENT_TEAM = 98VX8WBFD6;
				INFOPLIST_FILE = GithubDemoProject/Info.plist;
				LD_RUNPATH_SEARCH_PATHS = (
					"$(inherited)",
					"@executable_path/Frameworks",
				);
				PRODUCT_BUNDLE_IDENTIFIER = com.fadeev.GithubDemoProject;
				PRODUCT_NAME = "$(TARGET_NAME)";
				TARGETED_DEVICE_FAMILY = "1,2";
			};
			name = Release;
		};
/* End XCBuildConfiguration section */

/* Begin XCConfigurationList section */
		FAB4A37521E40E5A0047F568 /* Build configuration list for PBXProject "GithubDemoProject" */ = {
			isa = XCConfigurationList;
			buildConfigurations = (
				FAB4A38E21E40E5D0047F568 /* Debug */,
				FAB4A38F21E40E5D0047F568 /* Release */,
			);
			defaultConfigurationIsVisible = 0;
			defaultConfigurationName = Release;
		};
		FAB4A39021E40E5D0047F568 /* Build configuration list for PBXNativeTarget "GithubDemoProject" */ = {
			isa = XCConfigurationList;
			buildConfigurations = (
				FAB4A39121E40E5D0047F568 /* Debug */,
				FAB4A39221E40E5D0047F568 /* Release */,
			);
			defaultConfigurationIsVisible = 0;
			defaultConfigurationName = Release;
		};
/* End XCConfigurationList section */
	};
	rootObject = FAB4A37221E40E5A0047F568 /* Project object */;
}
